{
  "version": 4,
  "terraform_version": "1.15.7",
  "serial": 45,
  "lineage": "132868c0-45cd-5856-f322-1c473b63f3f2",
  "outputs": {
    "igw_id": {
      "value": "igw-0a4ae83fc58e54bab",
      "type": "string"
    },
    "public_subnet_id": {
      "value": "subnet-082c66764d8d9df8b",
      "type": "string"
    },
    "security_group_id": {
      "value": "sg-050ceb7a4a69b1851",
      "type": "string"
    },
    "vpc_cidr": {
      "value": "10.0.0.0/16",
      "type": "string"
    },
    "vpc_id": {
      "value": "vpc-063e0eca5611c27a4",
      "type": "string"
    }
  },
  "resources": [
    {
      "module": "module.private_route_table",
      "mode": "managed",
      "type": "aws_route",
      "name": "default",
      "provider": "provider[\"registry.terraform.io/hashicorp/aws\"]",
      "instances": []
    },
    {
      "module": "module.vpc",
      "mode": "managed",
      "type": "aws_vpc",
      "name": "this",
      "provider": "provider[\"registry.terraform.io/hashicorp/aws\"]",
      "instances": [
        {
          "schema_version": 1,
          "attributes": {
            "arn": "arn:aws:ec2:ap-southeast-2:238001443499:vpc/vpc-063e0eca5611c27a4",
            "assign_generated_ipv6_cidr_block": false,
            "cidr_block": "10.1.0.0/16",
            "default_network_acl_id": "acl-0a793432721c1abd0",
            "default_route_table_id": "rtb-0eb589df93c512fd3",
            "default_security_group_id": "sg-08d1fd2c199ade637",
            "dhcp_options_id": "dopt-0dbb6f5ba602f4360",
            "enable_dns_hostnames": false,
            "enable_dns_support": true,
            "enable_network_address_usage_metrics": false,
            "id": "vpc-063e0eca5611c27a4",
            "instance_tenancy": "default",
            "ipv4_ipam_pool_id": null,
            "ipv4_netmask_length": null,
            "ipv6_association_id": "",
            "ipv6_cidr_block": "",
            "ipv6_cidr_block_network_border_group": "",
            "ipv6_ipam_pool_id": "",
            "ipv6_netmask_length": 0,
            "main_route_table_id": "rtb-0eb589df93c512fd3",
            "owner_id": "238001443499",
            "tags": {
              "Environment": "dev",
              "ManagedBy": "terraform",
              "Name": "network-automation-vpc"
            },
            "tags_all": {
              "Environment": "dev",
              "ManagedBy": "terraform",
              "Name": "network-automation-vpc"
            }
          },
          "sensitive_attributes": [],
          "identity_schema_version": 0,
          "private": "eyJzY2hlbWFfdmVyc2lvbiI6IjEifQ=="
        }
      ]
    }
  ],
  "check_results": null
}
